{
  "nodes": {
    "combparser": {
      "inputs": {
        "combparser-master": "combparser-master",
        "flakeNimbleLib": [
          "protobuf-master",
          "flakeNimbleLib"
        ],
        "nixpkgs": [
          "protobuf-master",
          "nixpkgs"
        ]
      },
      "locked": {
        "lastModified": 1647397717,
        "narHash": "sha256-eB/bo/1rOZQJqmJ4meDcVy/yhr4YMjO/YY/ymnaQ+xQ=",
        "owner": "nim-nix-pkgs",
        "repo": "combparser",
        "rev": "fee73d6829f61bf0b46941f67ffb7ac6b3b6ec3f",
        "type": "github"
      },
      "original": {
        "owner": "nim-nix-pkgs",
        "ref": "master",
        "repo": "combparser",
        "type": "github"
      }
    },
    "combparser-master": {
      "inputs": {
        "flakeNimbleLib": [
          "protobuf-master",
          "combparser",
          "flakeNimbleLib"
        ],
        "nixpkgs": [
          "protobuf-master",
          "combparser",
          "nixpkgs"
        ],
        "src-combparser-master": "src-combparser-master"
      },
      "locked": {
        "dir": "master",
        "lastModified": 1647310904,
        "narHash": "sha256-lirNSsaoA4xYUivUSfBVA73FZVT09sA63oxEVW5fc/o=",
        "owner": "nim-nix-pkgs",
        "repo": "combparser",
        "rev": "4c27693945a0ffdc4dad8f7247b72c01b61d883f",
        "type": "github"
      },
      "original": {
        "dir": "master",
        "owner": "nim-nix-pkgs",
        "ref": "master",
        "repo": "combparser",
        "type": "github"
      }
    },
    "combparser-master_2": {
      "inputs": {
        "flakeNimbleLib": [
          "protobuf-v0_4_0",
          "combparser",
          "flakeNimbleLib"
        ],
        "nixpkgs": [
          "protobuf-v0_4_0",
          "combparser",
          "nixpkgs"
        ],
        "src-combparser-master": "src-combparser-master_2"
      },
      "locked": {
        "dir": "master",
        "lastModified": 1647310904,
        "narHash": "sha256-lirNSsaoA4xYUivUSfBVA73FZVT09sA63oxEVW5fc/o=",
        "owner": "nim-nix-pkgs",
        "repo": "combparser",
        "rev": "4c27693945a0ffdc4dad8f7247b72c01b61d883f",
        "type": "github"
      },
      "original": {
        "dir": "master",
        "owner": "nim-nix-pkgs",
        "ref": "master",
        "repo": "combparser",
        "type": "github"
      }
    },
    "combparser-master_3": {
      "inputs": {
        "flakeNimbleLib": [
          "protobuf-v0_5_1",
          "combparser",
          "flakeNimbleLib"
        ],
        "nixpkgs": [
          "protobuf-v0_5_1",
          "combparser",
          "nixpkgs"
        ],
        "src-combparser-master": "src-combparser-master_3"
      },
      "locked": {
        "dir": "master",
        "lastModified": 1647310904,
        "narHash": "sha256-lirNSsaoA4xYUivUSfBVA73FZVT09sA63oxEVW5fc/o=",
        "owner": "nim-nix-pkgs",
        "repo": "combparser",
        "rev": "4c27693945a0ffdc4dad8f7247b72c01b61d883f",
        "type": "github"
      },
      "original": {
        "dir": "master",
        "owner": "nim-nix-pkgs",
        "ref": "master",
        "repo": "combparser",
        "type": "github"
      }
    },
    "combparser_2": {
      "inputs": {
        "combparser-master": "combparser-master_2",
        "flakeNimbleLib": [
          "protobuf-v0_4_0",
          "flakeNimbleLib"
        ],
        "nixpkgs": [
          "protobuf-v0_4_0",
          "nixpkgs"
        ]
      },
      "locked": {
        "lastModified": 1647397717,
        "narHash": "sha256-eB/bo/1rOZQJqmJ4meDcVy/yhr4YMjO/YY/ymnaQ+xQ=",
        "owner": "nim-nix-pkgs",
        "repo": "combparser",
        "rev": "fee73d6829f61bf0b46941f67ffb7ac6b3b6ec3f",
        "type": "github"
      },
      "original": {
        "owner": "nim-nix-pkgs",
        "ref": "master",
        "repo": "combparser",
        "type": "github"
      }
    },
    "combparser_3": {
      "inputs": {
        "combparser-master": "combparser-master_3",
        "flakeNimbleLib": [
          "protobuf-v0_5_1",
          "flakeNimbleLib"
        ],
        "nixpkgs": [
          "protobuf-v0_5_1",
          "nixpkgs"
        ]
      },
      "locked": {
        "lastModified": 1647397717,
        "narHash": "sha256-eB/bo/1rOZQJqmJ4meDcVy/yhr4YMjO/YY/ymnaQ+xQ=",
        "owner": "nim-nix-pkgs",
        "repo": "combparser",
        "rev": "fee73d6829f61bf0b46941f67ffb7ac6b3b6ec3f",
        "type": "github"
      },
      "original": {
        "owner": "nim-nix-pkgs",
        "ref": "master",
        "repo": "combparser",
        "type": "github"
      }
    },
    "flakeNimbleLib": {
      "inputs": {
        "nixpkgs": [
          "nixpkgs"
        ]
      },
      "locked": {
        "lastModified": 1646967037,
        "narHash": "sha256-BoEqkGzLVnFICrF15wczZJrfF1vMVngRzF5cEgFzdzU=",
        "owner": "riinr",
        "repo": "nim-flakes-lib",
        "rev": "028e7596fdb918b72a295d220d48417ab2f5dfd1",
        "type": "github"
      },
      "original": {
        "owner": "riinr",
        "ref": "master",
        "repo": "nim-flakes-lib",
        "type": "github"
      }
    },
    "nixpkgs": {
      "locked": {
        "narHash": "sha256-+8mazL4KLh6VltXYJc5+QFA5Q1i+Uh/TadRl9/+qcx8=",
        "path": "/nix/store/gddrvlqs5qf1bp3kc80gp3qg5vm8kj76-source",
        "type": "path"
      },
      "original": {
        "id": "nixpkgs",
        "type": "indirect"
      }
    },
    "protobuf-master": {
      "inputs": {
        "combparser": "combparser",
        "flakeNimbleLib": [
          "flakeNimbleLib"
        ],
        "nixpkgs": [
          "nixpkgs"
        ],
        "src-protobuf-master": "src-protobuf-master"
      },
      "locked": {
        "dir": "master",
        "lastModified": 1647311755,
        "narHash": "sha256-Xee9iuLhfsNGhAibDM0OqMjO3cgRxD3kRIrC2m3ESIo=",
        "owner": "nim-nix-pkgs",
        "repo": "protobuf",
        "rev": "81b06f4893de4ad649fd5232e6b9b9033afff3a0",
        "type": "github"
      },
      "original": {
        "dir": "master",
        "owner": "nim-nix-pkgs",
        "ref": "master",
        "repo": "protobuf",
        "type": "github"
      }
    },
    "protobuf-v0_4_0": {
      "inputs": {
        "combparser": "combparser_2",
        "flakeNimbleLib": [
          "flakeNimbleLib"
        ],
        "nixpkgs": [
          "nixpkgs"
        ],
        "src-protobuf-v0_4_0": "src-protobuf-v0_4_0"
      },
      "locked": {
        "dir": "v0_4_0",
        "lastModified": 1647311755,
        "narHash": "sha256-Xee9iuLhfsNGhAibDM0OqMjO3cgRxD3kRIrC2m3ESIo=",
        "owner": "nim-nix-pkgs",
        "repo": "protobuf",
        "rev": "81b06f4893de4ad649fd5232e6b9b9033afff3a0",
        "type": "github"
      },
      "original": {
        "dir": "v0_4_0",
        "owner": "nim-nix-pkgs",
        "ref": "master",
        "repo": "protobuf",
        "type": "github"
      }
    },
    "protobuf-v0_5_1": {
      "inputs": {
        "combparser": "combparser_3",
        "flakeNimbleLib": [
          "flakeNimbleLib"
        ],
        "nixpkgs": [
          "nixpkgs"
        ],
        "src-protobuf-v0_5_1": "src-protobuf-v0_5_1"
      },
      "locked": {
        "dir": "v0_5_1",
        "lastModified": 1647311755,
        "narHash": "sha256-Xee9iuLhfsNGhAibDM0OqMjO3cgRxD3kRIrC2m3ESIo=",
        "owner": "nim-nix-pkgs",
        "repo": "protobuf",
        "rev": "81b06f4893de4ad649fd5232e6b9b9033afff3a0",
        "type": "github"
      },
      "original": {
        "dir": "v0_5_1",
        "owner": "nim-nix-pkgs",
        "ref": "master",
        "repo": "protobuf",
        "type": "github"
      }
    },
    "root": {
      "inputs": {
        "flakeNimbleLib": "flakeNimbleLib",
        "nixpkgs": "nixpkgs",
        "protobuf-master": "protobuf-master",
        "protobuf-v0_4_0": "protobuf-v0_4_0",
        "protobuf-v0_5_1": "protobuf-v0_5_1"
      }
    },
    "src-combparser-master": {
      "flake": false,
      "locked": {
        "lastModified": 1566369514,
        "narHash": "sha256-hJH0XNwSkBCYthjdKxA4UfsSeczMmonqlIGIxZCECUY=",
        "owner": "PMunch",
        "repo": "combparser",
        "rev": "ba4464c005d7617c008e2ed2ebc1ba52feb469c6",
        "type": "github"
      },
      "original": {
        "owner": "PMunch",
        "ref": "refs/heads/master",
        "repo": "combparser",
        "type": "github"
      }
    },
    "src-combparser-master_2": {
      "flake": false,
      "locked": {
        "lastModified": 1566369514,
        "narHash": "sha256-hJH0XNwSkBCYthjdKxA4UfsSeczMmonqlIGIxZCECUY=",
        "owner": "PMunch",
        "repo": "combparser",
        "rev": "ba4464c005d7617c008e2ed2ebc1ba52feb469c6",
        "type": "github"
      },
      "original": {
        "owner": "PMunch",
        "ref": "refs/heads/master",
        "repo": "combparser",
        "type": "github"
      }
    },
    "src-combparser-master_3": {
      "flake": false,
      "locked": {
        "lastModified": 1566369514,
        "narHash": "sha256-hJH0XNwSkBCYthjdKxA4UfsSeczMmonqlIGIxZCECUY=",
        "owner": "PMunch",
        "repo": "combparser",
        "rev": "ba4464c005d7617c008e2ed2ebc1ba52feb469c6",
        "type": "github"
      },
      "original": {
        "owner": "PMunch",
        "ref": "refs/heads/master",
        "repo": "combparser",
        "type": "github"
      }
    },
    "src-protobuf-master": {
      "flake": false,
      "locked": {
        "lastModified": 1612860915,
        "narHash": "sha256-T0uKhB87doP7vkyeI9FIExiePm4vnXQGo3rBMwX5hs8=",
        "owner": "PMunch",
        "repo": "protobuf-nim",
        "rev": "2bc68425e2a1fab10d9de358e30b4b035a17244a",
        "type": "github"
      },
      "original": {
        "owner": "PMunch",
        "ref": "refs/heads/master",
        "repo": "protobuf-nim",
        "type": "github"
      }
    },
    "src-protobuf-v0_4_0": {
      "flake": false,
      "locked": {
        "lastModified": 1582630054,
        "narHash": "sha256-N27acKIc368ockmJEJxqrbwJlmNZZmVOY9ItBh4VzK8=",
        "owner": "PMunch",
        "repo": "protobuf-nim",
        "rev": "ce4360ab9614788ddf1e6e8a94294be9b07ece68",
        "type": "github"
      },
      "original": {
        "owner": "PMunch",
        "ref": "refs/tags/v0.4.0",
        "repo": "protobuf-nim",
        "type": "github"
      }
    },
    "src-protobuf-v0_5_1": {
      "flake": false,
      "locked": {
        "lastModified": 1609541833,
        "narHash": "sha256-JXG9uwsuxOQVW1GnRREhioro9AYgbHYWNhDg4aq0+x0=",
        "owner": "PMunch",
        "repo": "protobuf-nim",
        "rev": "4a9ec69006ea68dc1bdff977cd38342c67564854",
        "type": "github"
      },
      "original": {
        "owner": "PMunch",
        "ref": "refs/tags/v0.5.1",
        "repo": "protobuf-nim",
        "type": "github"
      }
    }
  },
  "root": "root",
  "version": 7
}
